
Microsoft Visual Studio Solution File, Format Version 12.00
# Visual Studio Version 17
VisualStudioVersion = 17.4.33403.182
MinimumVisualStudioVersion = 10.0.40219.1
Project("{FAE04EC0-301F-11D3-BF4B-00C04F79EFBC}") = "Ozon.Route256.Five.OrderService", "Ozon.Route256.Five.OrderService\Ozon.Route256.Five.OrderService.csproj", "{55DBEB4F-DD3B-412D-A559-8A0DF8BC5033}"
EndProject
Global
	GlobalSection(SolutionConfigurationPlatforms) = preSolution
		Debug|Any CPU = Debug|Any CPU
		Release|Any CPU = Release|Any CPU
	EndGlobalSection
	GlobalSection(ProjectConfigurationPlatforms) = postSolution
		{55DBEB4F-DD3B-412D-A559-8A0DF8BC5033}.Debug|Any CPU.ActiveCfg = Debug|Any CPU
		{55DBEB4F-DD3B-412D-A559-8A0DF8BC5033}.Debug|Any CPU.Build.0 = Debug|Any CPU
		{55DBEB4F-DD3B-412D-A559-8A0DF8BC5033}.Release|Any CPU.ActiveCfg = Release|Any CPU
		{55DBEB4F-DD3B-412D-A559-8A0DF8BC5033}.Release|Any CPU.Build.0 = Release|Any CPU
	EndGlobalSection
	GlobalSection(SolutionProperties) = preSolution
		HideSolutionNode = FALSE
	EndGlobalSection
	GlobalSection(ExtensibilityGlobals) = postSolution
		SolutionGuid = {03AA0CCA-611E-4856-A3CE-70D1399201C0}
	EndGlobalSection
EndGlobal
