
Microsoft Visual Studio Solution File, Format Version 12.00
# Visual Studio Version 17
VisualStudioVersion = 17.4.33403.182
MinimumVisualStudioVersion = 10.0.40219.1
Project("{9A19103F-16F7-4668-BE54-9A1E7A4F7556}") = "Ozon.Route256.Five.OrderService.Web", "src\Ozon.Route256.Five.OrderService\Ozon.Route256.Five.OrderService.Web.csproj", "{55DBEB4F-DD3B-412D-A559-8A0DF8BC5033}"
EndProject
Project("{2150E333-8FDC-42A3-9474-1A3956D46DE8}") = "common", "common", "{0110F962-814E-42EC-A715-C770D5137BA8}"
	ProjectSection(SolutionItems) = preProject
		.gitlab-ci.yml = .gitlab-ci.yml
		docker-compose.yml = docker-compose.yml
		README.md = README.md
	EndProjectSection
EndProject
Project("{2150E333-8FDC-42A3-9474-1A3956D46DE8}") = "src", "src", "{4B4BBE96-B9B5-4C72-8D6D-AECBB0BF3015}"
EndProject
Project("{2150E333-8FDC-42A3-9474-1A3956D46DE8}") = "tests", "tests", "{AD5FB6B5-6542-4043-B144-EA6D50968947}"
EndProject
Project("{9A19103F-16F7-4668-BE54-9A1E7A4F7556}") = "Ozon.Route256.Five.OrderService.Tests", "tests\Ozon.Route256.Five.OrderService.Tests\Ozon.Route256.Five.OrderService.Tests.csproj", "{FF138ECB-32FA-456E-8E4A-86CC47CA2363}"
EndProject
Project("{9A19103F-16F7-4668-BE54-9A1E7A4F7556}") = "Ozon.Route256.Five.OrderService.Core", "src\Ozon.Route256.Five.OrderService.Core\Ozon.Route256.Five.OrderService.Core.csproj", "{2E9521ED-78F4-4A7F-A08F-8953979495DF}"
EndProject
Project("{FAE04EC0-301F-11D3-BF4B-00C04F79EFBC}") = "Ozon.Route256.Five.OrderService.Infrastructure", "src\Ozon.Route256.Five.OrderService.Infrastructure\Ozon.Route256.Five.OrderService.Infrastructure.csproj", "{482BAA91-66C7-480D-B2E1-11CE44426B9A}"
EndProject
Global
	GlobalSection(SolutionConfigurationPlatforms) = preSolution
		Debug|Any CPU = Debug|Any CPU
		Release|Any CPU = Release|Any CPU
	EndGlobalSection
	GlobalSection(ProjectConfigurationPlatforms) = postSolution
		{55DBEB4F-DD3B-412D-A559-8A0DF8BC5033}.Debug|Any CPU.ActiveCfg = Debug|Any CPU
		{55DBEB4F-DD3B-412D-A559-8A0DF8BC5033}.Debug|Any CPU.Build.0 = Debug|Any CPU
		{55DBEB4F-DD3B-412D-A559-8A0DF8BC5033}.Release|Any CPU.ActiveCfg = Release|Any CPU
		{55DBEB4F-DD3B-412D-A559-8A0DF8BC5033}.Release|Any CPU.Build.0 = Release|Any CPU
		{FF138ECB-32FA-456E-8E4A-86CC47CA2363}.Debug|Any CPU.ActiveCfg = Debug|Any CPU
		{FF138ECB-32FA-456E-8E4A-86CC47CA2363}.Debug|Any CPU.Build.0 = Debug|Any CPU
		{FF138ECB-32FA-456E-8E4A-86CC47CA2363}.Release|Any CPU.ActiveCfg = Release|Any CPU
		{FF138ECB-32FA-456E-8E4A-86CC47CA2363}.Release|Any CPU.Build.0 = Release|Any CPU
		{2E9521ED-78F4-4A7F-A08F-8953979495DF}.Debug|Any CPU.ActiveCfg = Debug|Any CPU
		{2E9521ED-78F4-4A7F-A08F-8953979495DF}.Debug|Any CPU.Build.0 = Debug|Any CPU
		{2E9521ED-78F4-4A7F-A08F-8953979495DF}.Release|Any CPU.ActiveCfg = Release|Any CPU
		{2E9521ED-78F4-4A7F-A08F-8953979495DF}.Release|Any CPU.Build.0 = Release|Any CPU
		{482BAA91-66C7-480D-B2E1-11CE44426B9A}.Debug|Any CPU.ActiveCfg = Debug|Any CPU
		{482BAA91-66C7-480D-B2E1-11CE44426B9A}.Debug|Any CPU.Build.0 = Debug|Any CPU
		{482BAA91-66C7-480D-B2E1-11CE44426B9A}.Release|Any CPU.ActiveCfg = Release|Any CPU
		{482BAA91-66C7-480D-B2E1-11CE44426B9A}.Release|Any CPU.Build.0 = Release|Any CPU
	EndGlobalSection
	GlobalSection(SolutionProperties) = preSolution
		HideSolutionNode = FALSE
	EndGlobalSection
	GlobalSection(NestedProjects) = preSolution
		{55DBEB4F-DD3B-412D-A559-8A0DF8BC5033} = {4B4BBE96-B9B5-4C72-8D6D-AECBB0BF3015}
		{FF138ECB-32FA-456E-8E4A-86CC47CA2363} = {AD5FB6B5-6542-4043-B144-EA6D50968947}
		{2E9521ED-78F4-4A7F-A08F-8953979495DF} = {4B4BBE96-B9B5-4C72-8D6D-AECBB0BF3015}
		{482BAA91-66C7-480D-B2E1-11CE44426B9A} = {4B4BBE96-B9B5-4C72-8D6D-AECBB0BF3015}
	EndGlobalSection
	GlobalSection(ExtensibilityGlobals) = postSolution
		SolutionGuid = {03AA0CCA-611E-4856-A3CE-70D1399201C0}
	EndGlobalSection
EndGlobal
